<?xml version="1.0" encoding="utf-8"?>
<Project ToolsVersion="4.0" xmlns="http://schemas.microsoft.com/developer/msbuild/2003">
  <ItemGroup>
    <Filter Include="Source Files">
      <UniqueIdentifier>{4FC737F1-C7A5-4376-A066-2A32D752A2FF}</UniqueIdentifier>
      <Extensions>cpp;c;cc;cxx;def;odl;idl;hpj;bat;asm;asmx</Extensions>
    </Filter>
    <Filter Include="Header Files">
      <UniqueIdentifier>{93995380-89BD-4b04-88EB-625FBE52EBFB}</UniqueIdentifier>
      <Extensions>h;hpp;hxx;hm;inl;inc;xsd</Extensions>
    </Filter>
    <Filter Include="Resource Files">
      <UniqueIdentifier>{67DA6AB6-F800-4c08-8B7A-83BB121AAD01}</UniqueIdentifier>
      <Extensions>rc;ico;cur;bmp;dlg;rc2;rct;bin;rgs;gif;jpg;jpeg;jpe;resx;tiff;tif;png;wav;mfcribbon-ms</Extensions>
    </Filter>
  </ItemGroup>
  <ItemGroup>
    <Text Include="ReadMe.txt" />
  </ItemGroup>
  <ItemGroup>
    <ClCompile Include="Monitor.cpp">
      <Filter>Source Files</Filter>
    </ClCompile>
    <ClCompile Include="NetworkAdapter.cpp">
      <Filter>Source Files</Filter>
    </ClCompile>
    <ClCompile Include="Path.cpp">
      <Filter>Source Files</Filter>
    </ClCompile>
    <ClCompile Include="Proxy.cpp">
      <Filter>Source Files</Filter>
    </ClCompile>
    <ClCompile Include="String.cpp">
      <Filter>Source Files</Filter>
    </ClCompile>
    <ClCompile Include="Variant.cpp">
      <Filter>Source Files</Filter>
    </ClCompile>
    <ClCompile Include="WindowsUtil.cpp">
      <Filter>Source Files</Filter>
    </ClCompile>
    <ClCompile Include="Wmi.cpp">
      <Filter>Source Files</Filter>
    </ClCompile>
    <ClCompile Include="Console.cpp">
      <Filter>Source Files</Filter>
    </ClCompile>
    <ClCompile Include="Device.cpp">
      <Filter>Source Files</Filter>
    </ClCompile>
    <ClCompile Include="FileExtFilter.cpp">
      <Filter>Source Files</Filter>
    </ClCompile>
    <ClCompile Include="FolderMonitor.cpp">
      <Filter>Source Files</Filter>
    </ClCompile>
    <ClCompile Include="Wlan.cpp">
      <Filter>Source Files</Filter>
    </ClCompile>
    <ClCompile Include="Power.cpp">
      <Filter>Source Files</Filter>
    </ClCompile>
    <ClCompile Include="System.cpp">
      <Filter>Source Files</Filter>
    </ClCompile>
    <ClCompile Include="Camera.cpp">
      <Filter>Source Files</Filter>
    </ClCompile>
    <ClCompile Include="Bluetooth.cpp">
      <Filter>Source Files</Filter>
    </ClCompile>
    <ClCompile Include="MobileBroadband.cpp">
      <Filter>Source Files</Filter>
    </ClCompile>
    <ClCompile Include="Debug.cpp">
      <Filter>Source Files</Filter>
    </ClCompile>
    <ClCompile Include="Thread.cpp">
      <Filter>Source Files</Filter>
    </ClCompile>
    <ClCompile Include="ThreadGroup.cpp">
      <Filter>Source Files</Filter>
    </ClCompile>
    <ClCompile Include="D3DDevice.cpp">
      <Filter>Source Files</Filter>
    </ClCompile>
    <ClCompile Include="Preview.cpp">
      <Filter>Source Files</Filter>
    </ClCompile>
    <ClCompile Include="PortableDevice.cpp">
      <Filter>Source Files</Filter>
    </ClCompile>
    <ClCompile Include="Crypto.cpp">
      <Filter>Source Files</Filter>
    </ClCompile>
    <ClCompile Include="IStorage.cpp">
      <Filter>Source Files</Filter>
    </ClCompile>
    <ClCompile Include="Chm.cpp">
      <Filter>Source Files</Filter>
    </ClCompile>
    <ClCompile Include="File.cpp">
      <Filter>Source Files</Filter>
    </ClCompile>
    <ClCompile Include="CriticalSection.cpp">
      <Filter>Source Files</Filter>
    </ClCompile>
    <ClCompile Include="Log.cpp">
      <Filter>Source Files</Filter>
    </ClCompile>
  </ItemGroup>
  <ItemGroup>
    <ClInclude Include="Proxy.h">
      <Filter>Header Files</Filter>
    </ClInclude>
    <ClInclude Include="String.h">
      <Filter>Header Files</Filter>
    </ClInclude>
    <ClInclude Include="System.h">
      <Filter>Header Files</Filter>
    </ClInclude>
    <ClInclude Include="Thread.h">
      <Filter>Header Files</Filter>
    </ClInclude>
    <ClInclude Include="Util.h">
      <Filter>Header Files</Filter>
    </ClInclude>
    <ClInclude Include="Variant.h">
      <Filter>Header Files</Filter>
    </ClInclude>
    <ClInclude Include="WindowsUtil.h">
      <Filter>Header Files</Filter>
    </ClInclude>
    <ClInclude Include="Wlan.h">
      <Filter>Header Files</Filter>
    </ClInclude>
    <ClInclude Include="Wmi.h">
      <Filter>Header Files</Filter>
    </ClInclude>
    <ClInclude Include="Console.h">
      <Filter>Header Files</Filter>
    </ClInclude>
    <ClInclude Include="Device.h">
      <Filter>Header Files</Filter>
    </ClInclude>
    <ClInclude Include="FileExtFilter.h">
      <Filter>Header Files</Filter>
    </ClInclude>
    <ClInclude Include="FolderMonitor.h">
      <Filter>Header Files</Filter>
    </ClInclude>
    <ClInclude Include="Monitor.h">
      <Filter>Header Files</Filter>
    </ClInclude>
    <ClInclude Include="NetworkAdapter.h">
      <Filter>Header Files</Filter>
    </ClInclude>
    <ClInclude Include="Path.h">
      <Filter>Header Files</Filter>
    </ClInclude>
    <ClInclude Include="Power.h">
      <Filter>Header Files</Filter>
    </ClInclude>
    <ClInclude Include="Debug.h">
      <Filter>Header Files</Filter>
    </ClInclude>
    <ClInclude Include="Camera.h">
      <Filter>Header Files</Filter>
    </ClInclude>
    <ClInclude Include="Com.h">
      <Filter>Header Files</Filter>
    </ClInclude>
    <ClInclude Include="Bluetooth.h">
      <Filter>Header Files</Filter>
    </ClInclude>
    <ClInclude Include="MobileBroadband.h">
      <Filter>Header Files</Filter>
    </ClInclude>
    <ClInclude Include="MediaFoundation.h">
      <Filter>Header Files</Filter>
    </ClInclude>
    <ClInclude Include="ThreadGroup.h">
      <Filter>Header Files</Filter>
    </ClInclude>
    <ClInclude Include="D3DDevice.h">
      <Filter>Header Files</Filter>
    </ClInclude>
    <ClInclude Include="BufferLock.h">
      <Filter>Header Files</Filter>
    </ClInclude>
    <ClInclude Include="Preview.h">
      <Filter>Header Files</Filter>
    </ClInclude>
    <ClInclude Include="PortableDevice.h">
      <Filter>Header Files</Filter>
    </ClInclude>
    <ClInclude Include="Crypto.h">
      <Filter>Header Files</Filter>
    </ClInclude>
    <ClInclude Include="IStorage.h">
      <Filter>Header Files</Filter>
    </ClInclude>
    <ClInclude Include="Chm.h">
      <Filter>Header Files</Filter>
    </ClInclude>
    <ClInclude Include="File.h">
      <Filter>Header Files</Filter>
    </ClInclude>
    <ClInclude Include="CriticalSection.h">
      <Filter>Header Files</Filter>
    </ClInclude>
    <ClInclude Include="Log.h">
      <Filter>Header Files</Filter>
    </ClInclude>
  </ItemGroup>
</Project>